
Microsoft Visual Studio Solution File, Format Version 12.00
# Visual Studio Version 17
VisualStudioVersion = 17.3.32825.248
MinimumVisualStudioVersion = 10.0.40219.1
Project("{FAE04EC0-301F-11D3-BF4B-00C04F79EFBC}") = "TransportCompany", "TransportCompany\TransportCompany.csproj", "{32892B5A-66A3-4CB1-A3B3-BD0AEC823EFB}"
EndProject
Global
	GlobalSection(SolutionConfigurationPlatforms) = preSolution
		Debug|Any CPU = Debug|Any CPU
		Release|Any CPU = Release|Any CPU
	EndGlobalSection
	GlobalSection(ProjectConfigurationPlatforms) = postSolution
		{32892B5A-66A3-4CB1-A3B3-BD0AEC823EFB}.Debug|Any CPU.ActiveCfg = Debug|Any CPU
		{32892B5A-66A3-4CB1-A3B3-BD0AEC823EFB}.Debug|Any CPU.Build.0 = Debug|Any CPU
		{32892B5A-66A3-4CB1-A3B3-BD0AEC823EFB}.Release|Any CPU.ActiveCfg = Release|Any CPU
		{32892B5A-66A3-4CB1-A3B3-BD0AEC823EFB}.Release|Any CPU.Build.0 = Release|Any CPU
	EndGlobalSection
	GlobalSection(SolutionProperties) = preSolution
		HideSolutionNode = FALSE
	EndGlobalSection
	GlobalSection(ExtensibilityGlobals) = postSolution
		SolutionGuid = {FEDE15CD-EE00-44AC-9011-57CFF6757209}
	EndGlobalSection
EndGlobal
